
Microsoft Visual Studio Solution File, Format Version 12.00
# Visual Studio 15
VisualStudioVersion = 15.0.27130.2020
MinimumVisualStudioVersion = 10.0.40219.1
Project("{8BC9CEB8-8B4A-11D0-8D11-00A0C91BC942}") = "CMD3D11", "src\windows\CMD3D11\CMD3D11.vcxproj", "{4303C089-9D4D-4B8D-ADC4-61A96B557451}"
EndProject
Project("{8BC9CEB8-8B4A-11D0-8D11-00A0C91BC942}") = "WinAppDX11", "WinAppDX11.vcxproj", "{D77208EF-A6DD-43FD-9D28-079FB22FDBC4}"
	ProjectSection(ProjectDependencies) = postProject
		{4303C089-9D4D-4B8D-ADC4-61A96B557451} = {4303C089-9D4D-4B8D-ADC4-61A96B557451}
	EndProjectSection
EndProject
Project("{8BC9CEB8-8B4A-11D0-8D11-00A0C91BC942}") = "CMDINPUT", "src\windows\CMDINPUT\CMDINPUT.vcxproj", "{64C6A399-B2AA-4701-89C0-4C0D40162AA0}"
EndProject
Project("{8BC9CEB8-8B4A-11D0-8D11-00A0C91BC942}") = "CMXINPUT", "src\windows\CMXINPUT\CMXINPUT.vcxproj", "{F13AACE2-6CC7-4462-82D2-6D67324C025A}"
EndProject
Global
	GlobalSection(SolutionConfigurationPlatforms) = preSolution
		Debug|x64 = Debug|x64
		Debug|x86 = Debug|x86
		Release|x64 = Release|x64
		Release|x86 = Release|x86
	EndGlobalSection
	GlobalSection(ProjectConfigurationPlatforms) = postSolution
		{4303C089-9D4D-4B8D-ADC4-61A96B557451}.Debug|x64.ActiveCfg = Debug|x64
		{4303C089-9D4D-4B8D-ADC4-61A96B557451}.Debug|x64.Build.0 = Debug|x64
		{4303C089-9D4D-4B8D-ADC4-61A96B557451}.Debug|x86.ActiveCfg = Debug|x64
		{4303C089-9D4D-4B8D-ADC4-61A96B557451}.Debug|x86.Build.0 = Debug|x64
		{4303C089-9D4D-4B8D-ADC4-61A96B557451}.Release|x64.ActiveCfg = Release|x64
		{4303C089-9D4D-4B8D-ADC4-61A96B557451}.Release|x64.Build.0 = Release|x64
		{4303C089-9D4D-4B8D-ADC4-61A96B557451}.Release|x86.ActiveCfg = Release|x64
		{4303C089-9D4D-4B8D-ADC4-61A96B557451}.Release|x86.Build.0 = Release|x64
		{D77208EF-A6DD-43FD-9D28-079FB22FDBC4}.Debug|x64.ActiveCfg = Debug|x64
		{D77208EF-A6DD-43FD-9D28-079FB22FDBC4}.Debug|x64.Build.0 = Debug|x64
		{D77208EF-A6DD-43FD-9D28-079FB22FDBC4}.Debug|x86.ActiveCfg = Debug|x64
		{D77208EF-A6DD-43FD-9D28-079FB22FDBC4}.Debug|x86.Build.0 = Debug|x64
		{D77208EF-A6DD-43FD-9D28-079FB22FDBC4}.Release|x64.ActiveCfg = Release|x64
		{D77208EF-A6DD-43FD-9D28-079FB22FDBC4}.Release|x64.Build.0 = Release|x64
		{D77208EF-A6DD-43FD-9D28-079FB22FDBC4}.Release|x86.ActiveCfg = Release|x64
		{D77208EF-A6DD-43FD-9D28-079FB22FDBC4}.Release|x86.Build.0 = Release|x64
		{64C6A399-B2AA-4701-89C0-4C0D40162AA0}.Debug|x64.ActiveCfg = Debug|x64
		{64C6A399-B2AA-4701-89C0-4C0D40162AA0}.Debug|x64.Build.0 = Debug|x64
		{64C6A399-B2AA-4701-89C0-4C0D40162AA0}.Debug|x86.ActiveCfg = Debug|x64
		{64C6A399-B2AA-4701-89C0-4C0D40162AA0}.Debug|x86.Build.0 = Debug|x64
		{64C6A399-B2AA-4701-89C0-4C0D40162AA0}.Release|x64.ActiveCfg = Release|x64
		{64C6A399-B2AA-4701-89C0-4C0D40162AA0}.Release|x64.Build.0 = Release|x64
		{64C6A399-B2AA-4701-89C0-4C0D40162AA0}.Release|x86.ActiveCfg = Release|x64
		{64C6A399-B2AA-4701-89C0-4C0D40162AA0}.Release|x86.Build.0 = Release|x64
		{F13AACE2-6CC7-4462-82D2-6D67324C025A}.Debug|x64.ActiveCfg = Debug|x64
		{F13AACE2-6CC7-4462-82D2-6D67324C025A}.Debug|x64.Build.0 = Debug|x64
		{F13AACE2-6CC7-4462-82D2-6D67324C025A}.Debug|x86.ActiveCfg = Debug|x64
		{F13AACE2-6CC7-4462-82D2-6D67324C025A}.Debug|x86.Build.0 = Debug|x64
		{F13AACE2-6CC7-4462-82D2-6D67324C025A}.Release|x64.ActiveCfg = Release|x64
		{F13AACE2-6CC7-4462-82D2-6D67324C025A}.Release|x64.Build.0 = Release|x64
		{F13AACE2-6CC7-4462-82D2-6D67324C025A}.Release|x86.ActiveCfg = Release|x64
		{F13AACE2-6CC7-4462-82D2-6D67324C025A}.Release|x86.Build.0 = Release|x64
	EndGlobalSection
	GlobalSection(SolutionProperties) = preSolution
		HideSolutionNode = FALSE
	EndGlobalSection
	GlobalSection(ExtensibilityGlobals) = postSolution
		SolutionGuid = {A89A39B6-4362-4A82-852F-E7363AB85C8B}
	EndGlobalSection
EndGlobal
